// !$*UTF8*$!
{
	archiveVersion = 1;
	classes = {
	};
	objectVersion = 46;
	objects = {

/* Begin PBXBuildFile section */
		1CB08E27C600BB5C4DB99905 /* Pods_FamilyApp.framework in Frameworks */ = {isa = PBXBuildFile; fileRef = C4F58B8DF37F190F1658208E /* Pods_FamilyApp.framework */; };
		210262071DCBC7FC00389D8D /* VC_Settings.swift in Sources */ = {isa = PBXBuildFile; fileRef = 210262061DCBC7FC00389D8D /* VC_Settings.swift */; };
		216692831DB9462400D357F7 /* VC_Groups_Create.swift in Sources */ = {isa = PBXBuildFile; fileRef = 216692821DB9462400D357F7 /* VC_Groups_Create.swift */; };
		2187E5E31DB5856F009C6266 /* VC_Profile.swift in Sources */ = {isa = PBXBuildFile; fileRef = 2187E5E21DB5856F009C6266 /* VC_Profile.swift */; };
		2187E5E51DB5867B009C6266 /* Database.swift in Sources */ = {isa = PBXBuildFile; fileRef = 2187E5E41DB5867B009C6266 /* Database.swift */; };
		218F57D41DC7E43300F6800B /* VC_Groups_Chat.swift in Sources */ = {isa = PBXBuildFile; fileRef = 218F57D31DC7E43300F6800B /* VC_Groups_Chat.swift */; };
		2193E6861DC28EF40009F6BD /* Group.swift in Sources */ = {isa = PBXBuildFile; fileRef = 2193E6851DC28EF40009F6BD /* Group.swift */; };
		93177DC01DAB0B450072B80E /* SlideMenuController.swift in Sources */ = {isa = PBXBuildFile; fileRef = 93177DBF1DAB0B450072B80E /* SlideMenuController.swift */; };
		93177DC21DAB0D080072B80E /* VC_LeftDrawer.swift in Sources */ = {isa = PBXBuildFile; fileRef = 93177DC11DAB0D080072B80E /* VC_LeftDrawer.swift */; };
		93177DC41DAB10580072B80E /* VC_DrawerContainer.swift in Sources */ = {isa = PBXBuildFile; fileRef = 93177DC31DAB10580072B80E /* VC_DrawerContainer.swift */; };
		9328F3681DA9CE5300F16E36 /* VC_Login.swift in Sources */ = {isa = PBXBuildFile; fileRef = 9328F3671DA9CE5300F16E36 /* VC_Login.swift */; };
		9328F36B1DA9CE5300F16E36 /* Main.storyboard in Resources */ = {isa = PBXBuildFile; fileRef = 9328F3691DA9CE5300F16E36 /* Main.storyboard */; };
		9328F36E1DA9CE5300F16E36 /* FamilyApp.xcdatamodeld in Sources */ = {isa = PBXBuildFile; fileRef = 9328F36C1DA9CE5300F16E36 /* FamilyApp.xcdatamodeld */; };
		9328F3701DA9CE5300F16E36 /* Assets.xcassets in Resources */ = {isa = PBXBuildFile; fileRef = 9328F36F1DA9CE5300F16E36 /* Assets.xcassets */; };
		9328F3731DA9CE5300F16E36 /* LaunchScreen.storyboard in Resources */ = {isa = PBXBuildFile; fileRef = 9328F3711DA9CE5300F16E36 /* LaunchScreen.storyboard */; };
		932A98BE1DB94BB70020E1F1 /* FamilyController.swift in Sources */ = {isa = PBXBuildFile; fileRef = 932A98BD1DB94BB70020E1F1 /* FamilyController.swift */; };
		932A98C01DB954900020E1F1 /* VC_ProfileOther.swift in Sources */ = {isa = PBXBuildFile; fileRef = 932A98BF1DB954900020E1F1 /* VC_ProfileOther.swift */; };
		933ACD8B1DAEDA2D00F616B5 /* VC_Feed_Post.swift in Sources */ = {isa = PBXBuildFile; fileRef = 933ACD8A1DAEDA2D00F616B5 /* VC_Feed_Post.swift */; };
		93595C241DB48553003BB505 /* LeftDrawerView.swift in Sources */ = {isa = PBXBuildFile; fileRef = 93595C231DB48553003BB505 /* LeftDrawerView.swift */; };
		935CCC541DADA20C00848D7E /* VC_Groups.swift in Sources */ = {isa = PBXBuildFile; fileRef = 935CCC531DADA20C00848D7E /* VC_Groups.swift */; };
		938903011DC6DEF3000BD9CC /* PlaceholderUITextView.swift in Sources */ = {isa = PBXBuildFile; fileRef = 938903001DC6DEF3000BD9CC /* PlaceholderUITextView.swift */; };
		938903031DC6E0C0000BD9CC /* PlaceholderUITextView.xib in Resources */ = {isa = PBXBuildFile; fileRef = 938903021DC6E0C0000BD9CC /* PlaceholderUITextView.xib */; };
		9393D1261DC95B39004A8D44 /* FATextField.swift in Sources */ = {isa = PBXBuildFile; fileRef = 9393D1251DC95B39004A8D44 /* FATextField.swift */; };
		9393D12A1DCAF732004A8D44 /* Alerts.swift in Sources */ = {isa = PBXBuildFile; fileRef = 9393D1291DCAF732004A8D44 /* Alerts.swift */; };
		93AABC3C1DCB094500DAE129 /* FAColor.swift in Sources */ = {isa = PBXBuildFile; fileRef = 93AABC3B1DCB094500DAE129 /* FAColor.swift */; };
		93AF2CA81DAD7C9D00879A1C /* VC_Family_Contacts.swift in Sources */ = {isa = PBXBuildFile; fileRef = 93AF2CA71DAD7C9D00879A1C /* VC_Family_Contacts.swift */; };
		93B5923B1DAA2F5D000635C6 /* VC_Register.swift in Sources */ = {isa = PBXBuildFile; fileRef = 93B5923A1DAA2F5D000635C6 /* VC_Register.swift */; };
		93B5923D1DAAB4FF000635C6 /* VC_Feed.swift in Sources */ = {isa = PBXBuildFile; fileRef = 93B5923C1DAAB4FF000635C6 /* VC_Feed.swift */; };
		93B592411DAAB94B000635C6 /* GoogleService-Info.plist in Resources */ = {isa = PBXBuildFile; fileRef = 93B592401DAAB94B000635C6 /* GoogleService-Info.plist */; };
		93B592431DAABB23000635C6 /* VC_Input.swift in Sources */ = {isa = PBXBuildFile; fileRef = 93B592421DAABB23000635C6 /* VC_Input.swift */; };
		93B592461DAAC5C7000635C6 /* User.swift in Sources */ = {isa = PBXBuildFile; fileRef = 93B592451DAAC5C7000635C6 /* User.swift */; };
		93C3D2811DB4421D002900DA /* VC_Family_Tree.swift in Sources */ = {isa = PBXBuildFile; fileRef = 93C3D2801DB4421D002900DA /* VC_Family_Tree.swift */; };
		93C3D2831DB44230002900DA /* VC_Family_Suggestions.swift in Sources */ = {isa = PBXBuildFile; fileRef = 93C3D2821DB44230002900DA /* VC_Family_Suggestions.swift */; };
		93CBEB501DB9A08200743E37 /* VC_Relation_Popover.swift in Sources */ = {isa = PBXBuildFile; fileRef = 93CBEB4F1DB9A08200743E37 /* VC_Relation_Popover.swift */; };
		93F22B0F1DB184C100911478 /* Post.swift in Sources */ = {isa = PBXBuildFile; fileRef = 93F22B0E1DB184C100911478 /* Post.swift */; };
		93F22B121DB1867D00911478 /* FeedView.swift in Sources */ = {isa = PBXBuildFile; fileRef = 93F22B111DB1867D00911478 /* FeedView.swift */; };
		93F22B151DB3FC7600911478 /* FeedCellHelpers.swift in Sources */ = {isa = PBXBuildFile; fileRef = 93F22B141DB3FC7500911478 /* FeedCellHelpers.swift */; };
		93F22B171DB3FCA600911478 /* ImageHelpers.swift in Sources */ = {isa = PBXBuildFile; fileRef = 93F22B161DB3FCA600911478 /* ImageHelpers.swift */; };
		CA6C49BF1DBC1FF700E6EE40 /* AppDelegate.swift in Sources */ = {isa = PBXBuildFile; fileRef = 9328F3651DA9CE5300F16E36 /* AppDelegate.swift */; };
		CA82FEFA1DC9204900A4B485 /* VC_Profile_Activity.swift in Sources */ = {isa = PBXBuildFile; fileRef = CA82FEF71DC9204900A4B485 /* VC_Profile_Activity.swift */; };
		CA82FEFB1DC9204900A4B485 /* VC_Profile_Contacts.swift in Sources */ = {isa = PBXBuildFile; fileRef = CA82FEF81DC9204900A4B485 /* VC_Profile_Contacts.swift */; };
		CA82FEFC1DC9204900A4B485 /* VC_Profile_Info.swift in Sources */ = {isa = PBXBuildFile; fileRef = CA82FEF91DC9204900A4B485 /* VC_Profile_Info.swift */; };
		CAA355D91DB72477003EA66F /* Contact.swift in Sources */ = {isa = PBXBuildFile; fileRef = CAA355D81DB72477003EA66F /* Contact.swift */; };
		CAA355DD1DB87B4C003EA66F /* Suggestion.swift in Sources */ = {isa = PBXBuildFile; fileRef = CAA355DC1DB87B4C003EA66F /* Suggestion.swift */; };
		CAA355DF1DB87ED9003EA66F /* SuggestionTableViewCell.swift in Sources */ = {isa = PBXBuildFile; fileRef = CAA355DE1DB87ED9003EA66F /* SuggestionTableViewCell.swift */; };
/* End PBXBuildFile section */

/* Begin PBXFileReference section */
		210262061DCBC7FC00389D8D /* VC_Settings.swift */ = {isa = PBXFileReference; fileEncoding = 4; lastKnownFileType = sourcecode.swift; path = VC_Settings.swift; sourceTree = "<group>"; };
		216692821DB9462400D357F7 /* VC_Groups_Create.swift */ = {isa = PBXFileReference; fileEncoding = 4; lastKnownFileType = sourcecode.swift; path = VC_Groups_Create.swift; sourceTree = "<group>"; };
		2187E5E21DB5856F009C6266 /* VC_Profile.swift */ = {isa = PBXFileReference; fileEncoding = 4; lastKnownFileType = sourcecode.swift; path = VC_Profile.swift; sourceTree = "<group>"; };
		2187E5E41DB5867B009C6266 /* Database.swift */ = {isa = PBXFileReference; fileEncoding = 4; lastKnownFileType = sourcecode.swift; path = Database.swift; sourceTree = "<group>"; };
		218F57D31DC7E43300F6800B /* VC_Groups_Chat.swift */ = {isa = PBXFileReference; fileEncoding = 4; lastKnownFileType = sourcecode.swift; path = VC_Groups_Chat.swift; sourceTree = "<group>"; };
		2193E6851DC28EF40009F6BD /* Group.swift */ = {isa = PBXFileReference; fileEncoding = 4; lastKnownFileType = sourcecode.swift; path = Group.swift; sourceTree = "<group>"; };
		44D70E7EE6B2815014FD0622 /* Pods-FamilyApp.debug.xcconfig */ = {isa = PBXFileReference; includeInIndex = 1; lastKnownFileType = text.xcconfig; name = "Pods-FamilyApp.debug.xcconfig"; path = "Pods/Target Support Files/Pods-FamilyApp/Pods-FamilyApp.debug.xcconfig"; sourceTree = "<group>"; };
		8EC68DBDC7EA55CE69DAF06B /* Pods-FamilyApp.release.xcconfig */ = {isa = PBXFileReference; includeInIndex = 1; lastKnownFileType = text.xcconfig; name = "Pods-FamilyApp.release.xcconfig"; path = "Pods/Target Support Files/Pods-FamilyApp/Pods-FamilyApp.release.xcconfig"; sourceTree = "<group>"; };
		93177DBF1DAB0B450072B80E /* SlideMenuController.swift */ = {isa = PBXFileReference; fileEncoding = 4; lastKnownFileType = sourcecode.swift; path = SlideMenuController.swift; sourceTree = "<group>"; };
		93177DC11DAB0D080072B80E /* VC_LeftDrawer.swift */ = {isa = PBXFileReference; fileEncoding = 4; lastKnownFileType = sourcecode.swift; path = VC_LeftDrawer.swift; sourceTree = "<group>"; };
		93177DC31DAB10580072B80E /* VC_DrawerContainer.swift */ = {isa = PBXFileReference; fileEncoding = 4; lastKnownFileType = sourcecode.swift; path = VC_DrawerContainer.swift; sourceTree = "<group>"; };
		9328F3621DA9CE5300F16E36 /* FamilyApp.app */ = {isa = PBXFileReference; explicitFileType = wrapper.application; includeInIndex = 0; path = FamilyApp.app; sourceTree = BUILT_PRODUCTS_DIR; };
		9328F3651DA9CE5300F16E36 /* AppDelegate.swift */ = {isa = PBXFileReference; lastKnownFileType = sourcecode.swift; path = AppDelegate.swift; sourceTree = "<group>"; };
		9328F3671DA9CE5300F16E36 /* VC_Login.swift */ = {isa = PBXFileReference; lastKnownFileType = sourcecode.swift; path = VC_Login.swift; sourceTree = "<group>"; };
		9328F36A1DA9CE5300F16E36 /* Base */ = {isa = PBXFileReference; lastKnownFileType = file.storyboard; name = Base; path = Base.lproj/Main.storyboard; sourceTree = "<group>"; };
		9328F36D1DA9CE5300F16E36 /* FamilyApp.xcdatamodel */ = {isa = PBXFileReference; lastKnownFileType = wrapper.xcdatamodel; path = FamilyApp.xcdatamodel; sourceTree = "<group>"; };
		9328F36F1DA9CE5300F16E36 /* Assets.xcassets */ = {isa = PBXFileReference; lastKnownFileType = folder.assetcatalog; path = Assets.xcassets; sourceTree = "<group>"; };
		9328F3721DA9CE5300F16E36 /* Base */ = {isa = PBXFileReference; lastKnownFileType = file.storyboard; name = Base; path = Base.lproj/LaunchScreen.storyboard; sourceTree = "<group>"; };
		9328F3741DA9CE5300F16E36 /* Info.plist */ = {isa = PBXFileReference; lastKnownFileType = text.plist.xml; path = Info.plist; sourceTree = "<group>"; };
		932A98BD1DB94BB70020E1F1 /* FamilyController.swift */ = {isa = PBXFileReference; fileEncoding = 4; lastKnownFileType = sourcecode.swift; path = FamilyController.swift; sourceTree = "<group>"; };
		932A98BF1DB954900020E1F1 /* VC_ProfileOther.swift */ = {isa = PBXFileReference; fileEncoding = 4; lastKnownFileType = sourcecode.swift; path = VC_ProfileOther.swift; sourceTree = "<group>"; };
		933ACD8A1DAEDA2D00F616B5 /* VC_Feed_Post.swift */ = {isa = PBXFileReference; fileEncoding = 4; lastKnownFileType = sourcecode.swift; path = VC_Feed_Post.swift; sourceTree = "<group>"; };
		93595C231DB48553003BB505 /* LeftDrawerView.swift */ = {isa = PBXFileReference; fileEncoding = 4; lastKnownFileType = sourcecode.swift; path = LeftDrawerView.swift; sourceTree = "<group>"; };
		935CCC531DADA20C00848D7E /* VC_Groups.swift */ = {isa = PBXFileReference; fileEncoding = 4; lastKnownFileType = sourcecode.swift; path = VC_Groups.swift; sourceTree = "<group>"; };
		938903001DC6DEF3000BD9CC /* PlaceholderUITextView.swift */ = {isa = PBXFileReference; fileEncoding = 4; lastKnownFileType = sourcecode.swift; path = PlaceholderUITextView.swift; sourceTree = "<group>"; };
		938903021DC6E0C0000BD9CC /* PlaceholderUITextView.xib */ = {isa = PBXFileReference; fileEncoding = 4; lastKnownFileType = file.xib; path = PlaceholderUITextView.xib; sourceTree = "<group>"; };
		9393D1251DC95B39004A8D44 /* FATextField.swift */ = {isa = PBXFileReference; fileEncoding = 4; lastKnownFileType = sourcecode.swift; path = FATextField.swift; sourceTree = "<group>"; };
		9393D1291DCAF732004A8D44 /* Alerts.swift */ = {isa = PBXFileReference; fileEncoding = 4; lastKnownFileType = sourcecode.swift; path = Alerts.swift; sourceTree = "<group>"; };
		93AABC3B1DCB094500DAE129 /* FAColor.swift */ = {isa = PBXFileReference; fileEncoding = 4; lastKnownFileType = sourcecode.swift; path = FAColor.swift; sourceTree = "<group>"; };
		93AF2CA71DAD7C9D00879A1C /* VC_Family_Contacts.swift */ = {isa = PBXFileReference; fileEncoding = 4; lastKnownFileType = sourcecode.swift; path = VC_Family_Contacts.swift; sourceTree = "<group>"; };
		93B5923A1DAA2F5D000635C6 /* VC_Register.swift */ = {isa = PBXFileReference; fileEncoding = 4; lastKnownFileType = sourcecode.swift; path = VC_Register.swift; sourceTree = "<group>"; };
		93B5923C1DAAB4FF000635C6 /* VC_Feed.swift */ = {isa = PBXFileReference; fileEncoding = 4; lastKnownFileType = sourcecode.swift; path = VC_Feed.swift; sourceTree = "<group>"; };
		93B592401DAAB94B000635C6 /* GoogleService-Info.plist */ = {isa = PBXFileReference; fileEncoding = 4; lastKnownFileType = text.plist.xml; path = "GoogleService-Info.plist"; sourceTree = "<group>"; };
		93B592421DAABB23000635C6 /* VC_Input.swift */ = {isa = PBXFileReference; fileEncoding = 4; lastKnownFileType = sourcecode.swift; path = VC_Input.swift; sourceTree = "<group>"; };
		93B592441DAAC1C5000635C6 /* FamilyApp.entitlements */ = {isa = PBXFileReference; lastKnownFileType = text.plist.entitlements; path = FamilyApp.entitlements; sourceTree = "<group>"; };
		93B592451DAAC5C7000635C6 /* User.swift */ = {isa = PBXFileReference; fileEncoding = 4; lastKnownFileType = sourcecode.swift; path = User.swift; sourceTree = "<group>"; };
		93C3D2801DB4421D002900DA /* VC_Family_Tree.swift */ = {isa = PBXFileReference; fileEncoding = 4; lastKnownFileType = sourcecode.swift; path = VC_Family_Tree.swift; sourceTree = "<group>"; };
		93C3D2821DB44230002900DA /* VC_Family_Suggestions.swift */ = {isa = PBXFileReference; fileEncoding = 4; lastKnownFileType = sourcecode.swift; path = VC_Family_Suggestions.swift; sourceTree = "<group>"; };
		93CBEB4F1DB9A08200743E37 /* VC_Relation_Popover.swift */ = {isa = PBXFileReference; fileEncoding = 4; lastKnownFileType = sourcecode.swift; path = VC_Relation_Popover.swift; sourceTree = "<group>"; };
		93F22B0E1DB184C100911478 /* Post.swift */ = {isa = PBXFileReference; fileEncoding = 4; lastKnownFileType = sourcecode.swift; path = Post.swift; sourceTree = "<group>"; };
		93F22B111DB1867D00911478 /* FeedView.swift */ = {isa = PBXFileReference; fileEncoding = 4; lastKnownFileType = sourcecode.swift; path = FeedView.swift; sourceTree = "<group>"; };
		93F22B141DB3FC7500911478 /* FeedCellHelpers.swift */ = {isa = PBXFileReference; fileEncoding = 4; lastKnownFileType = sourcecode.swift; path = FeedCellHelpers.swift; sourceTree = "<group>"; };
		93F22B161DB3FCA600911478 /* ImageHelpers.swift */ = {isa = PBXFileReference; fileEncoding = 4; lastKnownFileType = sourcecode.swift; path = ImageHelpers.swift; sourceTree = "<group>"; };
		C4F58B8DF37F190F1658208E /* Pods_FamilyApp.framework */ = {isa = PBXFileReference; explicitFileType = wrapper.framework; includeInIndex = 0; path = Pods_FamilyApp.framework; sourceTree = BUILT_PRODUCTS_DIR; };
		CA82FEF71DC9204900A4B485 /* VC_Profile_Activity.swift */ = {isa = PBXFileReference; fileEncoding = 4; lastKnownFileType = sourcecode.swift; path = VC_Profile_Activity.swift; sourceTree = "<group>"; };
		CA82FEF81DC9204900A4B485 /* VC_Profile_Contacts.swift */ = {isa = PBXFileReference; fileEncoding = 4; lastKnownFileType = sourcecode.swift; path = VC_Profile_Contacts.swift; sourceTree = "<group>"; };
		CA82FEF91DC9204900A4B485 /* VC_Profile_Info.swift */ = {isa = PBXFileReference; fileEncoding = 4; lastKnownFileType = sourcecode.swift; path = VC_Profile_Info.swift; sourceTree = "<group>"; };
		CAA355D81DB72477003EA66F /* Contact.swift */ = {isa = PBXFileReference; fileEncoding = 4; lastKnownFileType = sourcecode.swift; path = Contact.swift; sourceTree = "<group>"; };
		CAA355DC1DB87B4C003EA66F /* Suggestion.swift */ = {isa = PBXFileReference; fileEncoding = 4; lastKnownFileType = sourcecode.swift; path = Suggestion.swift; sourceTree = "<group>"; };
		CAA355DE1DB87ED9003EA66F /* SuggestionTableViewCell.swift */ = {isa = PBXFileReference; fileEncoding = 4; lastKnownFileType = sourcecode.swift; path = SuggestionTableViewCell.swift; sourceTree = "<group>"; };
/* End PBXFileReference section */

/* Begin PBXFrameworksBuildPhase section */
		9328F35F1DA9CE5300F16E36 /* Frameworks */ = {
			isa = PBXFrameworksBuildPhase;
			buildActionMask = 2147483647;
			files = (
				1CB08E27C600BB5C4DB99905 /* Pods_FamilyApp.framework in Frameworks */,
			);
			runOnlyForDeploymentPostprocessing = 0;
		};
/* End PBXFrameworksBuildPhase section */

/* Begin PBXGroup section */
		107172113A7BA1F278B256BB /* Pods */ = {
			isa = PBXGroup;
			children = (
				44D70E7EE6B2815014FD0622 /* Pods-FamilyApp.debug.xcconfig */,
				8EC68DBDC7EA55CE69DAF06B /* Pods-FamilyApp.release.xcconfig */,
			);
			name = Pods;
			sourceTree = "<group>";
		};
		2E1798236BC91BDF20324C8D /* Frameworks */ = {
			isa = PBXGroup;
			children = (
				C4F58B8DF37F190F1658208E /* Pods_FamilyApp.framework */,
			);
			name = Frameworks;
			sourceTree = "<group>";
		};
		9328F3591DA9CE5300F16E36 = {
			isa = PBXGroup;
			children = (
				9328F3641DA9CE5300F16E36 /* FamilyApp */,
				9328F3631DA9CE5300F16E36 /* Products */,
				107172113A7BA1F278B256BB /* Pods */,
				2E1798236BC91BDF20324C8D /* Frameworks */,
			);
			sourceTree = "<group>";
		};
		9328F3631DA9CE5300F16E36 /* Products */ = {
			isa = PBXGroup;
			children = (
				9328F3621DA9CE5300F16E36 /* FamilyApp.app */,
			);
			name = Products;
			sourceTree = "<group>";
		};
		9328F3641DA9CE5300F16E36 /* FamilyApp */ = {
			isa = PBXGroup;
			children = (
				93F22B131DB3FC3B00911478 /* Helpers */,
				93F22B0D1DB1835600911478 /* Controllers */,
				93F22B0C1DB1835200911478 /* Views */,
				93F22B0B1DB1834600911478 /* Models */,
				93B592441DAAC1C5000635C6 /* FamilyApp.entitlements */,
				93B592401DAAB94B000635C6 /* GoogleService-Info.plist */,
				9328F3651DA9CE5300F16E36 /* AppDelegate.swift */,
				9328F36F1DA9CE5300F16E36 /* Assets.xcassets */,
				9328F3741DA9CE5300F16E36 /* Info.plist */,
				9328F36C1DA9CE5300F16E36 /* FamilyApp.xcdatamodeld */,
			);
			path = FamilyApp;
			sourceTree = "<group>";
		};
		93F22B0B1DB1834600911478 /* Models */ = {
			isa = PBXGroup;
			children = (
				CAA355D81DB72477003EA66F /* Contact.swift */,
				2193E6851DC28EF40009F6BD /* Group.swift */,
				93F22B0E1DB184C100911478 /* Post.swift */,
				CAA355DC1DB87B4C003EA66F /* Suggestion.swift */,
				93B592451DAAC5C7000635C6 /* User.swift */,
			);
			name = Models;
			sourceTree = "<group>";
		};
		93F22B0C1DB1835200911478 /* Views */ = {
			isa = PBXGroup;
			children = (
				9328F3711DA9CE5300F16E36 /* LaunchScreen.storyboard */,
				9328F3691DA9CE5300F16E36 /* Main.storyboard */,
				938903021DC6E0C0000BD9CC /* PlaceholderUITextView.xib */,
				93F22B111DB1867D00911478 /* FeedView.swift */,
				93595C231DB48553003BB505 /* LeftDrawerView.swift */,
				CAA355DE1DB87ED9003EA66F /* SuggestionTableViewCell.swift */,
				9393D1251DC95B39004A8D44 /* FATextField.swift */,
			);
			name = Views;
			sourceTree = "<group>";
		};
		93F22B0D1DB1835600911478 /* Controllers */ = {
			isa = PBXGroup;
			children = (
				93177DC11DAB0D080072B80E /* VC_LeftDrawer.swift */,
				93177DC31DAB10580072B80E /* VC_DrawerContainer.swift */,
				210262061DCBC7FC00389D8D /* VC_Settings.swift */,
				2187E5E21DB5856F009C6266 /* VC_Profile.swift */,
				CA82FEF71DC9204900A4B485 /* VC_Profile_Activity.swift */,
				CA82FEF81DC9204900A4B485 /* VC_Profile_Contacts.swift */,
				CA82FEF91DC9204900A4B485 /* VC_Profile_Info.swift */,
				932A98BF1DB954900020E1F1 /* VC_ProfileOther.swift */,
				935CCC531DADA20C00848D7E /* VC_Groups.swift */,
				216692821DB9462400D357F7 /* VC_Groups_Create.swift */,
				218F57D31DC7E43300F6800B /* VC_Groups_Chat.swift */,
				93AF2CA71DAD7C9D00879A1C /* VC_Family_Contacts.swift */,
				93C3D2801DB4421D002900DA /* VC_Family_Tree.swift */,
				93C3D2821DB44230002900DA /* VC_Family_Suggestions.swift */,
				93B5923C1DAAB4FF000635C6 /* VC_Feed.swift */,
				93B592421DAABB23000635C6 /* VC_Input.swift */,
				933ACD8A1DAEDA2D00F616B5 /* VC_Feed_Post.swift */,
				93CBEB4F1DB9A08200743E37 /* VC_Relation_Popover.swift */,
				9328F3671DA9CE5300F16E36 /* VC_Login.swift */,
				93B5923A1DAA2F5D000635C6 /* VC_Register.swift */,
			);
			name = Controllers;
			sourceTree = "<group>";
		};
		93F22B131DB3FC3B00911478 /* Helpers */ = {
			isa = PBXGroup;
			children = (
				93177DBF1DAB0B450072B80E /* SlideMenuController.swift */,
				93F22B141DB3FC7500911478 /* FeedCellHelpers.swift */,
				93F22B161DB3FCA600911478 /* ImageHelpers.swift */,
				2187E5E41DB5867B009C6266 /* Database.swift */,
				932A98BD1DB94BB70020E1F1 /* FamilyController.swift */,
				938903001DC6DEF3000BD9CC /* PlaceholderUITextView.swift */,
				9393D1291DCAF732004A8D44 /* Alerts.swift */,
				93AABC3B1DCB094500DAE129 /* FAColor.swift */,
			);
			name = Helpers;
			sourceTree = "<group>";
		};
/* End PBXGroup section */

/* Begin PBXNativeTarget section */
		9328F3611DA9CE5300F16E36 /* FamilyApp */ = {
			isa = PBXNativeTarget;
			buildConfigurationList = 9328F3771DA9CE5300F16E36 /* Build configuration list for PBXNativeTarget "FamilyApp" */;
			buildPhases = (
				762596E172FBBE0E25A8883C /* [CP] Check Pods Manifest.lock */,
				9328F35E1DA9CE5300F16E36 /* Sources */,
				9328F35F1DA9CE5300F16E36 /* Frameworks */,
				9328F3601DA9CE5300F16E36 /* Resources */,
				2ED825396B5F59318884A90D /* [CP] Embed Pods Frameworks */,
				F16F1426BF55373696093779 /* [CP] Copy Pods Resources */,
			);
			buildRules = (
			);
			dependencies = (
			);
			name = FamilyApp;
			productName = FamilyApp;
			productReference = 9328F3621DA9CE5300F16E36 /* FamilyApp.app */;
			productType = "com.apple.product-type.application";
		};
/* End PBXNativeTarget section */

/* Begin PBXProject section */
		9328F35A1DA9CE5300F16E36 /* Project object */ = {
			isa = PBXProject;
			attributes = {
				LastSwiftUpdateCheck = 0800;
				LastUpgradeCheck = 0800;
				ORGANIZATIONNAME = uab;
				TargetAttributes = {
					9328F3611DA9CE5300F16E36 = {
						CreatedOnToolsVersion = 8.0;
						DevelopmentTeam = JZ454C5V8J;
						LastSwiftMigration = 0800;
						ProvisioningStyle = Automatic;
						SystemCapabilities = {
							com.apple.Keychain = {
								enabled = 1;
							};
						};
					};
				};
			};
			buildConfigurationList = 9328F35D1DA9CE5300F16E36 /* Build configuration list for PBXProject "FamilyApp" */;
			compatibilityVersion = "Xcode 3.2";
			developmentRegion = English;
			hasScannedForEncodings = 0;
			knownRegions = (
				en,
				Base,
			);
			mainGroup = 9328F3591DA9CE5300F16E36;
			productRefGroup = 9328F3631DA9CE5300F16E36 /* Products */;
			projectDirPath = "";
			projectRoot = "";
			targets = (
				9328F3611DA9CE5300F16E36 /* FamilyApp */,
			);
		};
/* End PBXProject section */

/* Begin PBXResourcesBuildPhase section */
		9328F3601DA9CE5300F16E36 /* Resources */ = {
			isa = PBXResourcesBuildPhase;
			buildActionMask = 2147483647;
			files = (
				9328F3731DA9CE5300F16E36 /* LaunchScreen.storyboard in Resources */,
				93B592411DAAB94B000635C6 /* GoogleService-Info.plist in Resources */,
				9328F3701DA9CE5300F16E36 /* Assets.xcassets in Resources */,
				938903031DC6E0C0000BD9CC /* PlaceholderUITextView.xib in Resources */,
				9328F36B1DA9CE5300F16E36 /* Main.storyboard in Resources */,
			);
			runOnlyForDeploymentPostprocessing = 0;
		};
/* End PBXResourcesBuildPhase section */

/* Begin PBXShellScriptBuildPhase section */
		2ED825396B5F59318884A90D /* [CP] Embed Pods Frameworks */ = {
			isa = PBXShellScriptBuildPhase;
			buildActionMask = 2147483647;
			files = (
			);
			inputPaths = (
			);
			name = "[CP] Embed Pods Frameworks";
			outputPaths = (
			);
			runOnlyForDeploymentPostprocessing = 0;
			shellPath = /bin/sh;
			shellScript = "\"${SRCROOT}/Pods/Target Support Files/Pods-FamilyApp/Pods-FamilyApp-frameworks.sh\"\n";
			showEnvVarsInLog = 0;
		};
		762596E172FBBE0E25A8883C /* [CP] Check Pods Manifest.lock */ = {
			isa = PBXShellScriptBuildPhase;
			buildActionMask = 2147483647;
			files = (
			);
			inputPaths = (
			);
			name = "[CP] Check Pods Manifest.lock";
			outputPaths = (
			);
			runOnlyForDeploymentPostprocessing = 0;
			shellPath = /bin/sh;
			shellScript = "diff \"${PODS_ROOT}/../Podfile.lock\" \"${PODS_ROOT}/Manifest.lock\" > /dev/null\nif [ $? != 0 ] ; then\n    # print error to STDERR\n    echo \"error: The sandbox is not in sync with the Podfile.lock. Run 'pod install' or update your CocoaPods installation.\" >&2\n    exit 1\nfi\n";
			showEnvVarsInLog = 0;
		};
		F16F1426BF55373696093779 /* [CP] Copy Pods Resources */ = {
			isa = PBXShellScriptBuildPhase;
			buildActionMask = 2147483647;
			files = (
			);
			inputPaths = (
			);
			name = "[CP] Copy Pods Resources";
			outputPaths = (
			);
			runOnlyForDeploymentPostprocessing = 0;
			shellPath = /bin/sh;
			shellScript = "\"${SRCROOT}/Pods/Target Support Files/Pods-FamilyApp/Pods-FamilyApp-resources.sh\"\n";
			showEnvVarsInLog = 0;
		};
/* End PBXShellScriptBuildPhase section */

/* Begin PBXSourcesBuildPhase section */
		9328F35E1DA9CE5300F16E36 /* Sources */ = {
			isa = PBXSourcesBuildPhase;
			buildActionMask = 2147483647;
			files = (
				93B5923D1DAAB4FF000635C6 /* VC_Feed.swift in Sources */,
				9328F3681DA9CE5300F16E36 /* VC_Login.swift in Sources */,
				93595C241DB48553003BB505 /* LeftDrawerView.swift in Sources */,
				2193E6861DC28EF40009F6BD /* Group.swift in Sources */,
				93177DC41DAB10580072B80E /* VC_DrawerContainer.swift in Sources */,
				CA6C49BF1DBC1FF700E6EE40 /* AppDelegate.swift in Sources */,
				933ACD8B1DAEDA2D00F616B5 /* VC_Feed_Post.swift in Sources */,
				9328F36E1DA9CE5300F16E36 /* FamilyApp.xcdatamodeld in Sources */,
				93AABC3C1DCB094500DAE129 /* FAColor.swift in Sources */,
				2187E5E31DB5856F009C6266 /* VC_Profile.swift in Sources */,
				93F22B0F1DB184C100911478 /* Post.swift in Sources */,
				932A98C01DB954900020E1F1 /* VC_ProfileOther.swift in Sources */,
				216692831DB9462400D357F7 /* VC_Groups_Create.swift in Sources */,
				93B592431DAABB23000635C6 /* VC_Input.swift in Sources */,
				93F22B151DB3FC7600911478 /* FeedCellHelpers.swift in Sources */,
				93F22B171DB3FCA600911478 /* ImageHelpers.swift in Sources */,
				CAA355D91DB72477003EA66F /* Contact.swift in Sources */,
				93C3D2811DB4421D002900DA /* VC_Family_Tree.swift in Sources */,
				93C3D2831DB44230002900DA /* VC_Family_Suggestions.swift in Sources */,
				218F57D41DC7E43300F6800B /* VC_Groups_Chat.swift in Sources */,
				938903011DC6DEF3000BD9CC /* PlaceholderUITextView.swift in Sources */,
				9393D1261DC95B39004A8D44 /* FATextField.swift in Sources */,
				CA82FEFC1DC9204900A4B485 /* VC_Profile_Info.swift in Sources */,
				210262071DCBC7FC00389D8D /* VC_Settings.swift in Sources */,
				93B5923B1DAA2F5D000635C6 /* VC_Register.swift in Sources */,
				93177DC21DAB0D080072B80E /* VC_LeftDrawer.swift in Sources */,
				93F22B121DB1867D00911478 /* FeedView.swift in Sources */,
				93CBEB501DB9A08200743E37 /* VC_Relation_Popover.swift in Sources */,
				935CCC541DADA20C00848D7E /* VC_Groups.swift in Sources */,
				932A98BE1DB94BB70020E1F1 /* FamilyController.swift in Sources */,
				CAA355DD1DB87B4C003EA66F /* Suggestion.swift in Sources */,
				CA82FEFA1DC9204900A4B485 /* VC_Profile_Activity.swift in Sources */,
				93177DC01DAB0B450072B80E /* SlideMenuController.swift in Sources */,
				9393D12A1DCAF732004A8D44 /* Alerts.swift in Sources */,
				93AF2CA81DAD7C9D00879A1C /* VC_Family_Contacts.swift in Sources */,
				93B592461DAAC5C7000635C6 /* User.swift in Sources */,
				CA82FEFB1DC9204900A4B485 /* VC_Profile_Contacts.swift in Sources */,
				2187E5E51DB5867B009C6266 /* Database.swift in Sources */,
				CAA355DF1DB87ED9003EA66F /* SuggestionTableViewCell.swift in Sources */,
			);
			runOnlyForDeploymentPostprocessing = 0;
		};
/* End PBXSourcesBuildPhase section */

/* Begin PBXVariantGroup section */
		9328F3691DA9CE5300F16E36 /* Main.storyboard */ = {
			isa = PBXVariantGroup;
			children = (
				9328F36A1DA9CE5300F16E36 /* Base */,
			);
			name = Main.storyboard;
			sourceTree = "<group>";
		};
		9328F3711DA9CE5300F16E36 /* LaunchScreen.storyboard */ = {
			isa = PBXVariantGroup;
			children = (
				9328F3721DA9CE5300F16E36 /* Base */,
			);
			name = LaunchScreen.storyboard;
			sourceTree = "<group>";
		};
/* End PBXVariantGroup section */

/* Begin XCBuildConfiguration section */
		9328F3751DA9CE5300F16E36 /* Debug */ = {
			isa = XCBuildConfiguration;
			buildSettings = {
				ALWAYS_SEARCH_USER_PATHS = NO;
				CLANG_ANALYZER_NONNULL = YES;
				CLANG_CXX_LANGUAGE_STANDARD = "gnu++0x";
				CLANG_CXX_LIBRARY = "libc++";
				CLANG_ENABLE_MODULES = YES;
				CLANG_ENABLE_OBJC_ARC = YES;
				CLANG_WARN_BOOL_CONVERSION = YES;
				CLANG_WARN_CONSTANT_CONVERSION = YES;
				CLANG_WARN_DIRECT_OBJC_ISA_USAGE = YES_ERROR;
				CLANG_WARN_DOCUMENTATION_COMMENTS = YES;
				CLANG_WARN_EMPTY_BODY = YES;
				CLANG_WARN_ENUM_CONVERSION = YES;
				CLANG_WARN_INFINITE_RECURSION = YES;
				CLANG_WARN_INT_CONVERSION = YES;
				CLANG_WARN_OBJC_ROOT_CLASS = YES_ERROR;
				CLANG_WARN_SUSPICIOUS_MOVES = YES;
				CLANG_WARN_UNREACHABLE_CODE = YES;
				CLANG_WARN__DUPLICATE_METHOD_MATCH = YES;
				"CODE_SIGN_IDENTITY[sdk=iphoneos*]" = "iPhone Developer";
				COPY_PHASE_STRIP = NO;
				DEBUG_INFORMATION_FORMAT = dwarf;
				ENABLE_STRICT_OBJC_MSGSEND = YES;
				ENABLE_TESTABILITY = YES;
				GCC_C_LANGUAGE_STANDARD = gnu99;
				GCC_DYNAMIC_NO_PIC = NO;
				GCC_NO_COMMON_BLOCKS = YES;
				GCC_OPTIMIZATION_LEVEL = 0;
				GCC_PREPROCESSOR_DEFINITIONS = (
					"DEBUG=1",
					"$(inherited)",
				);
				GCC_WARN_64_TO_32_BIT_CONVERSION = YES;
				GCC_WARN_ABOUT_RETURN_TYPE = YES_ERROR;
				GCC_WARN_UNDECLARED_SELECTOR = YES;
				GCC_WARN_UNINITIALIZED_AUTOS = YES_AGGRESSIVE;
				GCC_WARN_UNUSED_FUNCTION = YES;
				GCC_WARN_UNUSED_VARIABLE = YES;
				IPHONEOS_DEPLOYMENT_TARGET = 10.0;
				MTL_ENABLE_DEBUG_INFO = YES;
				ONLY_ACTIVE_ARCH = YES;
				SDKROOT = iphoneos;
				SWIFT_ACTIVE_COMPILATION_CONDITIONS = DEBUG;
				SWIFT_OPTIMIZATION_LEVEL = "-Onone";
				TARGETED_DEVICE_FAMILY = "1,2";
			};
			name = Debug;
		};
		9328F3761DA9CE5300F16E36 /* Release */ = {
			isa = XCBuildConfiguration;
			buildSettings = {
				ALWAYS_SEARCH_USER_PATHS = NO;
				CLANG_ANALYZER_NONNULL = YES;
				CLANG_CXX_LANGUAGE_STANDARD = "gnu++0x";
				CLANG_CXX_LIBRARY = "libc++";
				CLANG_ENABLE_MODULES = YES;
				CLANG_ENABLE_OBJC_ARC = YES;
				CLANG_WARN_BOOL_CONVERSION = YES;
				CLANG_WARN_CONSTANT_CONVERSION = YES;
				CLANG_WARN_DIRECT_OBJC_ISA_USAGE = YES_ERROR;
				CLANG_WARN_DOCUMENTATION_COMMENTS = YES;
				CLANG_WARN_EMPTY_BODY = YES;
				CLANG_WARN_ENUM_CONVERSION = YES;
				CLANG_WARN_INFINITE_RECURSION = YES;
				CLANG_WARN_INT_CONVERSION = YES;
				CLANG_WARN_OBJC_ROOT_CLASS = YES_ERROR;
				CLANG_WARN_SUSPICIOUS_MOVES = YES;
				CLANG_WARN_UNREACHABLE_CODE = YES;
				CLANG_WARN__DUPLICATE_METHOD_MATCH = YES;
				"CODE_SIGN_IDENTITY[sdk=iphoneos*]" = "iPhone Developer";
				COPY_PHASE_STRIP = NO;
				DEBUG_INFORMATION_FORMAT = "dwarf-with-dsym";
				ENABLE_NS_ASSERTIONS = NO;
				ENABLE_STRICT_OBJC_MSGSEND = YES;
				GCC_C_LANGUAGE_STANDARD = gnu99;
				GCC_NO_COMMON_BLOCKS = YES;
				GCC_WARN_64_TO_32_BIT_CONVERSION = YES;
				GCC_WARN_ABOUT_RETURN_TYPE = YES_ERROR;
				GCC_WARN_UNDECLARED_SELECTOR = YES;
				GCC_WARN_UNINITIALIZED_AUTOS = YES_AGGRESSIVE;
				GCC_WARN_UNUSED_FUNCTION = YES;
				GCC_WARN_UNUSED_VARIABLE = YES;
				IPHONEOS_DEPLOYMENT_TARGET = 10.0;
				MTL_ENABLE_DEBUG_INFO = NO;
				SDKROOT = iphoneos;
				SWIFT_OPTIMIZATION_LEVEL = "-Owholemodule";
				TARGETED_DEVICE_FAMILY = "1,2";
				VALIDATE_PRODUCT = YES;
			};
			name = Release;
		};
		9328F3781DA9CE5300F16E36 /* Debug */ = {
			isa = XCBuildConfiguration;
			baseConfigurationReference = 44D70E7EE6B2815014FD0622 /* Pods-FamilyApp.debug.xcconfig */;
			buildSettings = {
				ASSETCATALOG_COMPILER_APPICON_NAME = AppIcon;
				CLANG_CXX_LANGUAGE_STANDARD = "compiler-default";
				CODE_SIGN_ENTITLEMENTS = FamilyApp/FamilyApp.entitlements;
				DEVELOPMENT_TEAM = JZ454C5V8J;
				GCC_C_LANGUAGE_STANDARD = "compiler-default";
				INFOPLIST_FILE = FamilyApp/Info.plist;
				LD_RUNPATH_SEARCH_PATHS = "$(inherited) @executable_path/Frameworks";
				PRODUCT_BUNDLE_IDENTIFIER = com.uab.FamilyApp;
				PRODUCT_NAME = "$(TARGET_NAME)";
				SWIFT_VERSION = 3.0;
			};
			name = Debug;
		};
		9328F3791DA9CE5300F16E36 /* Release */ = {
			isa = XCBuildConfiguration;
			baseConfigurationReference = 8EC68DBDC7EA55CE69DAF06B /* Pods-FamilyApp.release.xcconfig */;
			buildSettings = {
				ASSETCATALOG_COMPILER_APPICON_NAME = AppIcon;
				CLANG_CXX_LANGUAGE_STANDARD = "compiler-default";
				CODE_SIGN_ENTITLEMENTS = FamilyApp/FamilyApp.entitlements;
				DEVELOPMENT_TEAM = JZ454C5V8J;
				GCC_C_LANGUAGE_STANDARD = "compiler-default";
				INFOPLIST_FILE = FamilyApp/Info.plist;
				LD_RUNPATH_SEARCH_PATHS = "$(inherited) @executable_path/Frameworks";
				PRODUCT_BUNDLE_IDENTIFIER = com.uab.FamilyApp;
				PRODUCT_NAME = "$(TARGET_NAME)";
				SWIFT_VERSION = 3.0;
			};
			name = Release;
		};
/* End XCBuildConfiguration section */

/* Begin XCConfigurationList section */
		9328F35D1DA9CE5300F16E36 /* Build configuration list for PBXProject "FamilyApp" */ = {
			isa = XCConfigurationList;
			buildConfigurations = (
				9328F3751DA9CE5300F16E36 /* Debug */,
				9328F3761DA9CE5300F16E36 /* Release */,
			);
			defaultConfigurationIsVisible = 0;
			defaultConfigurationName = Release;
		};
		9328F3771DA9CE5300F16E36 /* Build configuration list for PBXNativeTarget "FamilyApp" */ = {
			isa = XCConfigurationList;
			buildConfigurations = (
				9328F3781DA9CE5300F16E36 /* Debug */,
				9328F3791DA9CE5300F16E36 /* Release */,
			);
			defaultConfigurationIsVisible = 0;
			defaultConfigurationName = Release;
		};
/* End XCConfigurationList section */

/* Begin XCVersionGroup section */
		9328F36C1DA9CE5300F16E36 /* FamilyApp.xcdatamodeld */ = {
			isa = XCVersionGroup;
			children = (
				9328F36D1DA9CE5300F16E36 /* FamilyApp.xcdatamodel */,
			);
			currentVersion = 9328F36D1DA9CE5300F16E36 /* FamilyApp.xcdatamodel */;
			path = FamilyApp.xcdatamodeld;
			sourceTree = "<group>";
			versionGroupType = wrapper.xcdatamodel;
		};
/* End XCVersionGroup section */
	};
	rootObject = 9328F35A1DA9CE5300F16E36 /* Project object */;
}
